
Microsoft Visual Studio Solution File, Format Version 12.00
# Visual Studio Version 17
VisualStudioVersion = 17.5.33424.131
MinimumVisualStudioVersion = 10.0.40219.1
Project("{8BC9CEB8-8B4A-11D0-8D11-00A0C91BC942}") = "ParadigmaOOP2_007", "ParadigmaOOP2_007\ParadigmaOOP2_007.vcxproj", "{0F7CB98C-6D2F-42CB-8844-747370C9C41B}"
EndProject
Project("{8BC9CEB8-8B4A-11D0-8D11-00A0C91BC942}") = "Enkapsulasi_007", "Enkapsulasi_007\Enkapsulasi_007.vcxproj", "{2C2262D3-675A-48A9-85E0-A0377D847FDC}"
EndProject
Project("{8BC9CEB8-8B4A-11D0-8D11-00A0C91BC942}") = "Polimorpi_007", "Polimorpi_007\Polimorpi_007.vcxproj", "{F3ADCCE5-D841-4C10-8A76-C032C39E117E}"
EndProject
Project("{8BC9CEB8-8B4A-11D0-8D11-00A0C91BC942}") = "Abstraksi_007.cpp", "Abstraksi_007.cpp\Abstraksi_007.cpp.vcxproj", "{03AA8DBE-BF34-4C6F-B903-5C3D5D62665C}"
EndProject
Project("{8BC9CEB8-8B4A-11D0-8D11-00A0C91BC942}") = "noOverriding_007", "noOverriding_007\noOverriding_007.vcxproj", "{85B71B90-A78A-4021-BFC9-DE6E39FCA399}"
EndProject
Project("{8BC9CEB8-8B4A-11D0-8D11-00A0C91BC942}") = "noPewarisan_007", "noPewarisan_007\noPewarisan_007.vcxproj", "{9E5EB220-4E50-48E6-BBAF-652AE43D5114}"
EndProject
Project("{8BC9CEB8-8B4A-11D0-8D11-00A0C91BC942}") = "solveMultiWaris_007", "solveMultiWaris_007\solveMultiWaris_007.vcxproj", "{33EC99A9-9EE5-40C9-9145-DA3F82F920C5}"
EndProject
Global
	GlobalSection(SolutionConfigurationPlatforms) = preSolution
		Debug|x64 = Debug|x64
		Debug|x86 = Debug|x86
		Release|x64 = Release|x64
		Release|x86 = Release|x86
	EndGlobalSection
	GlobalSection(ProjectConfigurationPlatforms) = postSolution
		{0F7CB98C-6D2F-42CB-8844-747370C9C41B}.Debug|x64.ActiveCfg = Debug|x64
		{0F7CB98C-6D2F-42CB-8844-747370C9C41B}.Debug|x64.Build.0 = Debug|x64
		{0F7CB98C-6D2F-42CB-8844-747370C9C41B}.Debug|x86.ActiveCfg = Debug|Win32
		{0F7CB98C-6D2F-42CB-8844-747370C9C41B}.Debug|x86.Build.0 = Debug|Win32
		{0F7CB98C-6D2F-42CB-8844-747370C9C41B}.Release|x64.ActiveCfg = Release|x64
		{0F7CB98C-6D2F-42CB-8844-747370C9C41B}.Release|x64.Build.0 = Release|x64
		{0F7CB98C-6D2F-42CB-8844-747370C9C41B}.Release|x86.ActiveCfg = Release|Win32
		{0F7CB98C-6D2F-42CB-8844-747370C9C41B}.Release|x86.Build.0 = Release|Win32
		{2C2262D3-675A-48A9-85E0-A0377D847FDC}.Debug|x64.ActiveCfg = Debug|x64
		{2C2262D3-675A-48A9-85E0-A0377D847FDC}.Debug|x64.Build.0 = Debug|x64
		{2C2262D3-675A-48A9-85E0-A0377D847FDC}.Debug|x86.ActiveCfg = Debug|Win32
		{2C2262D3-675A-48A9-85E0-A0377D847FDC}.Debug|x86.Build.0 = Debug|Win32
		{2C2262D3-675A-48A9-85E0-A0377D847FDC}.Release|x64.ActiveCfg = Release|x64
		{2C2262D3-675A-48A9-85E0-A0377D847FDC}.Release|x64.Build.0 = Release|x64
		{2C2262D3-675A-48A9-85E0-A0377D847FDC}.Release|x86.ActiveCfg = Release|Win32
		{2C2262D3-675A-48A9-85E0-A0377D847FDC}.Release|x86.Build.0 = Release|Win32
		{F3ADCCE5-D841-4C10-8A76-C032C39E117E}.Debug|x64.ActiveCfg = Debug|x64
		{F3ADCCE5-D841-4C10-8A76-C032C39E117E}.Debug|x64.Build.0 = Debug|x64
		{F3ADCCE5-D841-4C10-8A76-C032C39E117E}.Debug|x86.ActiveCfg = Debug|Win32
		{F3ADCCE5-D841-4C10-8A76-C032C39E117E}.Debug|x86.Build.0 = Debug|Win32
		{F3ADCCE5-D841-4C10-8A76-C032C39E117E}.Release|x64.ActiveCfg = Release|x64
		{F3ADCCE5-D841-4C10-8A76-C032C39E117E}.Release|x64.Build.0 = Release|x64
		{F3ADCCE5-D841-4C10-8A76-C032C39E117E}.Release|x86.ActiveCfg = Release|Win32
		{F3ADCCE5-D841-4C10-8A76-C032C39E117E}.Release|x86.Build.0 = Release|Win32
		{03AA8DBE-BF34-4C6F-B903-5C3D5D62665C}.Debug|x64.ActiveCfg = Debug|x64
		{03AA8DBE-BF34-4C6F-B903-5C3D5D62665C}.Debug|x64.Build.0 = Debug|x64
		{03AA8DBE-BF34-4C6F-B903-5C3D5D62665C}.Debug|x86.ActiveCfg = Debug|Win32
		{03AA8DBE-BF34-4C6F-B903-5C3D5D62665C}.Debug|x86.Build.0 = Debug|Win32
		{03AA8DBE-BF34-4C6F-B903-5C3D5D62665C}.Release|x64.ActiveCfg = Release|x64
		{03AA8DBE-BF34-4C6F-B903-5C3D5D62665C}.Release|x64.Build.0 = Release|x64
		{03AA8DBE-BF34-4C6F-B903-5C3D5D62665C}.Release|x86.ActiveCfg = Release|Win32
		{03AA8DBE-BF34-4C6F-B903-5C3D5D62665C}.Release|x86.Build.0 = Release|Win32
		{85B71B90-A78A-4021-BFC9-DE6E39FCA399}.Debug|x64.ActiveCfg = Debug|x64
		{85B71B90-A78A-4021-BFC9-DE6E39FCA399}.Debug|x64.Build.0 = Debug|x64
		{85B71B90-A78A-4021-BFC9-DE6E39FCA399}.Debug|x86.ActiveCfg = Debug|Win32
		{85B71B90-A78A-4021-BFC9-DE6E39FCA399}.Debug|x86.Build.0 = Debug|Win32
		{85B71B90-A78A-4021-BFC9-DE6E39FCA399}.Release|x64.ActiveCfg = Release|x64
		{85B71B90-A78A-4021-BFC9-DE6E39FCA399}.Release|x64.Build.0 = Release|x64
		{85B71B90-A78A-4021-BFC9-DE6E39FCA399}.Release|x86.ActiveCfg = Release|Win32
		{85B71B90-A78A-4021-BFC9-DE6E39FCA399}.Release|x86.Build.0 = Release|Win32
		{9E5EB220-4E50-48E6-BBAF-652AE43D5114}.Debug|x64.ActiveCfg = Debug|x64
		{9E5EB220-4E50-48E6-BBAF-652AE43D5114}.Debug|x64.Build.0 = Debug|x64
		{9E5EB220-4E50-48E6-BBAF-652AE43D5114}.Debug|x86.ActiveCfg = Debug|Win32
		{9E5EB220-4E50-48E6-BBAF-652AE43D5114}.Debug|x86.Build.0 = Debug|Win32
		{9E5EB220-4E50-48E6-BBAF-652AE43D5114}.Release|x64.ActiveCfg = Release|x64
		{9E5EB220-4E50-48E6-BBAF-652AE43D5114}.Release|x64.Build.0 = Release|x64
		{9E5EB220-4E50-48E6-BBAF-652AE43D5114}.Release|x86.ActiveCfg = Release|Win32
		{9E5EB220-4E50-48E6-BBAF-652AE43D5114}.Release|x86.Build.0 = Release|Win32
		{33EC99A9-9EE5-40C9-9145-DA3F82F920C5}.Debug|x64.ActiveCfg = Debug|x64
		{33EC99A9-9EE5-40C9-9145-DA3F82F920C5}.Debug|x64.Build.0 = Debug|x64
		{33EC99A9-9EE5-40C9-9145-DA3F82F920C5}.Debug|x86.ActiveCfg = Debug|Win32
		{33EC99A9-9EE5-40C9-9145-DA3F82F920C5}.Debug|x86.Build.0 = Debug|Win32
		{33EC99A9-9EE5-40C9-9145-DA3F82F920C5}.Release|x64.ActiveCfg = Release|x64
		{33EC99A9-9EE5-40C9-9145-DA3F82F920C5}.Release|x64.Build.0 = Release|x64
		{33EC99A9-9EE5-40C9-9145-DA3F82F920C5}.Release|x86.ActiveCfg = Release|Win32
		{33EC99A9-9EE5-40C9-9145-DA3F82F920C5}.Release|x86.Build.0 = Release|Win32
	EndGlobalSection
	GlobalSection(SolutionProperties) = preSolution
		HideSolutionNode = FALSE
	EndGlobalSection
	GlobalSection(ExtensibilityGlobals) = postSolution
		SolutionGuid = {4872D482-BB61-490D-A302-3CE587BBB03A}
	EndGlobalSection
EndGlobal
